
Microsoft Visual Studio Solution File, Format Version 12.00
# Visual Studio Version 17
VisualStudioVersion = 17.6.33829.357
MinimumVisualStudioVersion = 10.0.40219.1
Project("{8BC9CEB8-8B4A-11D0-8D11-00A0C91BC942}") = "113packaged_task", "113packaged_task.vcxproj", "{9F325DA3-996F-41A7-AC12-1C61B5A16703}"
EndProject
Global
	GlobalSection(SolutionConfigurationPlatforms) = preSolution
		Debug|ARM64 = Debug|ARM64
		Debug|x64 = Debug|x64
		Debug|x86 = Debug|x86
		Release|ARM64 = Release|ARM64
		Release|x64 = Release|x64
		Release|x86 = Release|x86
	EndGlobalSection
	GlobalSection(ProjectConfigurationPlatforms) = postSolution
		{9F325DA3-996F-41A7-AC12-1C61B5A16703}.Debug|ARM64.ActiveCfg = Debug|ARM64
		{9F325DA3-996F-41A7-AC12-1C61B5A16703}.Debug|ARM64.Build.0 = Debug|ARM64
		{9F325DA3-996F-41A7-AC12-1C61B5A16703}.Debug|x64.ActiveCfg = Debug|x64
		{9F325DA3-996F-41A7-AC12-1C61B5A16703}.Debug|x64.Build.0 = Debug|x64
		{9F325DA3-996F-41A7-AC12-1C61B5A16703}.Debug|x86.ActiveCfg = Debug|Win32
		{9F325DA3-996F-41A7-AC12-1C61B5A16703}.Debug|x86.Build.0 = Debug|Win32
		{9F325DA3-996F-41A7-AC12-1C61B5A16703}.Release|ARM64.ActiveCfg = Release|ARM64
		{9F325DA3-996F-41A7-AC12-1C61B5A16703}.Release|ARM64.Build.0 = Release|ARM64
		{9F325DA3-996F-41A7-AC12-1C61B5A16703}.Release|x64.ActiveCfg = Release|x64
		{9F325DA3-996F-41A7-AC12-1C61B5A16703}.Release|x64.Build.0 = Release|x64
		{9F325DA3-996F-41A7-AC12-1C61B5A16703}.Release|x86.ActiveCfg = Release|Win32
		{9F325DA3-996F-41A7-AC12-1C61B5A16703}.Release|x86.Build.0 = Release|Win32
	EndGlobalSection
	GlobalSection(SolutionProperties) = preSolution
		HideSolutionNode = FALSE
	EndGlobalSection
	GlobalSection(ExtensibilityGlobals) = postSolution
		SolutionGuid = {80C8476D-1447-4602-A7D0-592553F5C277}
	EndGlobalSection
EndGlobal
